
Microsoft Visual Studio Solution File, Format Version 12.00
Project("{F2A71F9B-5D33-465A-A702-920D77279786}") = "Kankasaur", "Kankasaur\Kankasaur.fsproj", "{1D650BA3-7706-4105-B054-18CD96441955}"
EndProject
Project("{F2A71F9B-5D33-465A-A702-920D77279786}") = "FSFramework", "..\FSFramework\FSFramework\FSFramework.fsproj", "{EA8FA88C-72D6-4835-A1CD-205267C0E2A2}"
EndProject
Global
	GlobalSection(SolutionConfigurationPlatforms) = preSolution
		Debug|Any CPU = Debug|Any CPU
		Release|Any CPU = Release|Any CPU
	EndGlobalSection
	GlobalSection(ProjectConfigurationPlatforms) = postSolution
		{1D650BA3-7706-4105-B054-18CD96441955}.Debug|Any CPU.ActiveCfg = Debug|Any CPU
		{1D650BA3-7706-4105-B054-18CD96441955}.Debug|Any CPU.Build.0 = Debug|Any CPU
		{1D650BA3-7706-4105-B054-18CD96441955}.Release|Any CPU.ActiveCfg = Release|Any CPU
		{1D650BA3-7706-4105-B054-18CD96441955}.Release|Any CPU.Build.0 = Release|Any CPU
		{EA8FA88C-72D6-4835-A1CD-205267C0E2A2}.Debug|Any CPU.ActiveCfg = Debug|Any CPU
		{EA8FA88C-72D6-4835-A1CD-205267C0E2A2}.Debug|Any CPU.Build.0 = Debug|Any CPU
		{EA8FA88C-72D6-4835-A1CD-205267C0E2A2}.Release|Any CPU.ActiveCfg = Release|Any CPU
		{EA8FA88C-72D6-4835-A1CD-205267C0E2A2}.Release|Any CPU.Build.0 = Release|Any CPU
	EndGlobalSection
EndGlobal
